// !$*UTF8*$!
{
	archiveVersion = 1;
	classes = {
	};
	objectVersion = 77;
	objects = {

/* Begin PBXBuildFile section */
		CAFE0000000000000000B001 /* main.swift in Sources */ = {isa = PBXBuildFile; fileRef = CAFE0000000000000000F002 /* main.swift */; };
		CAFE0000000000000000B002 /* HelperTool.swift in Sources */ = {isa = PBXBuildFile; fileRef = CAFE0000000000000000F003 /* HelperTool.swift */; };
		CAFE0000000000000000B003 /* HelperProtocol.swift in Sources */ = {isa = PBXBuildFile; fileRef = CAFE0000000000000000F006 /* HelperProtocol.swift */; };
		CAFE0000000000000000B004 /* dev.saif.insomniac.helper in Copy Helper Executable */ = {isa = PBXBuildFile; fileRef = CAFE0000000000000000F001 /* dev.saif.insomniac.helper */; settings = {ATTRIBUTES = (CodeSignOnCopy, ); }; };
		CAFE0000000000000000B005 /* dev.saif.insomniac.helper.plist in Copy LaunchDaemon */ = {isa = PBXBuildFile; fileRef = CAFE0000000000000000F005 /* dev.saif.insomniac.helper.plist */; };
		CAFE0000000000000000B006 /* HelperProtocol.swift in Sources */ = {isa = PBXBuildFile; fileRef = CAFE0000000000000000F006 /* HelperProtocol.swift */; };
/* End PBXBuildFile section */

/* Begin PBXContainerItemProxy section */
		CAFE0000000000000000X001 /* PBXContainerItemProxy */ = {
			isa = PBXContainerItemProxy;
			containerPortal = 0782ABE62FD2E0310093E092 /* Project object */;
			proxyType = 1;
			remoteGlobalIDString = CAFE0000000000000000T001;
			remoteInfo = dev.saif.insomniac.helper;
		};
/* End PBXContainerItemProxy section */

/* Begin PBXCopyFilesBuildPhase section */
		CAFE0000000000000000P003 /* Copy Helper Executable */ = {
			isa = PBXCopyFilesBuildPhase;
			buildActionMask = 2147483647;
			dstPath = "";
			dstSubfolderSpec = 6;
			files = (
				CAFE0000000000000000B004 /* dev.saif.insomniac.helper in Copy Helper Executable */,
			);
			name = "Copy Helper Executable";
			runOnlyForDeploymentPostprocessing = 0;
		};
		CAFE0000000000000000P004 /* Copy LaunchDaemon */ = {
			isa = PBXCopyFilesBuildPhase;
			buildActionMask = 2147483647;
			dstPath = Contents/Library/LaunchDaemons;
			dstSubfolderSpec = 1;
			files = (
				CAFE0000000000000000B005 /* dev.saif.insomniac.helper.plist in Copy LaunchDaemon */,
			);
			name = "Copy LaunchDaemon";
			runOnlyForDeploymentPostprocessing = 0;
		};
/* End PBXCopyFilesBuildPhase section */

/* Begin PBXFileReference section */
		0782ABEE2FD2E0310093E092 /* insomniac.app */ = {isa = PBXFileReference; explicitFileType = wrapper.application; includeInIndex = 0; path = insomniac.app; sourceTree = BUILT_PRODUCTS_DIR; };
		CAFE0000000000000000F001 /* dev.saif.insomniac.helper */ = {isa = PBXFileReference; explicitFileType = "compiled.mach-o.executable"; includeInIndex = 0; path = dev.saif.insomniac.helper; sourceTree = BUILT_PRODUCTS_DIR; };
		CAFE0000000000000000F002 /* main.swift */ = {isa = PBXFileReference; lastKnownFileType = sourcecode.swift; path = main.swift; sourceTree = "<group>"; };
		CAFE0000000000000000F003 /* HelperTool.swift */ = {isa = PBXFileReference; lastKnownFileType = sourcecode.swift; path = HelperTool.swift; sourceTree = "<group>"; };
		CAFE0000000000000000F005 /* dev.saif.insomniac.helper.plist */ = {isa = PBXFileReference; lastKnownFileType = text.plist.xml; path = dev.saif.insomniac.helper.plist; sourceTree = "<group>"; };
		CAFE0000000000000000F006 /* HelperProtocol.swift */ = {isa = PBXFileReference; lastKnownFileType = sourcecode.swift; path = HelperProtocol.swift; sourceTree = "<group>"; };
/* End PBXFileReference section */

/* Begin PBXFileSystemSynchronizedRootGroup section */
		0782ABF02FD2E0310093E092 /* insomniac */ = {
			isa = PBXFileSystemSynchronizedRootGroup;
			path = insomniac;
			sourceTree = "<group>";
		};
/* End PBXFileSystemSynchronizedRootGroup section */

/* Begin PBXFrameworksBuildPhase section */
		0782ABEB2FD2E0310093E092 /* Frameworks */ = {
			isa = PBXFrameworksBuildPhase;
			buildActionMask = 2147483647;
			files = (
			);
			runOnlyForDeploymentPostprocessing = 0;
		};
		CAFE0000000000000000P002 /* Frameworks */ = {
			isa = PBXFrameworksBuildPhase;
			buildActionMask = 2147483647;
			files = (
			);
			runOnlyForDeploymentPostprocessing = 0;
		};
/* End PBXFrameworksBuildPhase section */

/* Begin PBXGroup section */
		0782ABE52FD2E0310093E092 = {
			isa = PBXGroup;
			children = (
				0782ABF02FD2E0310093E092 /* insomniac */,
				CAFE0000000000000000G002 /* Shared */,
				CAFE0000000000000000G001 /* Helper */,
				0782ABEF2FD2E0310093E092 /* Products */,
			);
			sourceTree = "<group>";
		};
		0782ABEF2FD2E0310093E092 /* Products */ = {
			isa = PBXGroup;
			children = (
				0782ABEE2FD2E0310093E092 /* insomniac.app */,
				CAFE0000000000000000F001 /* dev.saif.insomniac.helper */,
			);
			name = Products;
			sourceTree = "<group>";
		};
		CAFE0000000000000000G001 /* Helper */ = {
			isa = PBXGroup;
			children = (
				CAFE0000000000000000F002 /* main.swift */,
				CAFE0000000000000000F003 /* HelperTool.swift */,
				CAFE0000000000000000F005 /* dev.saif.insomniac.helper.plist */,
			);
			path = Helper;
			sourceTree = "<group>";
		};
		CAFE0000000000000000G002 /* Shared */ = {
			isa = PBXGroup;
			children = (
				CAFE0000000000000000F006 /* HelperProtocol.swift */,
			);
			path = Shared;
			sourceTree = "<group>";
		};
/* End PBXGroup section */

/* Begin PBXNativeTarget section */
		0782ABED2FD2E0310093E092 /* insomniac */ = {
			isa = PBXNativeTarget;
			buildConfigurationList = 0782ABF92FD2E0320093E092 /* Build configuration list for PBXNativeTarget "insomniac" */;
			buildPhases = (
				0782ABEA2FD2E0310093E092 /* Sources */,
				0782ABEB2FD2E0310093E092 /* Frameworks */,
				0782ABEC2FD2E0310093E092 /* Resources */,
				CAFE0000000000000000P003 /* Copy Helper Executable */,
				CAFE0000000000000000P004 /* Copy LaunchDaemon */,
			);
			buildRules = (
			);
			dependencies = (
				CAFE0000000000000000D001 /* PBXTargetDependency */,
			);
			fileSystemSynchronizedGroups = (
				0782ABF02FD2E0310093E092 /* insomniac */,
			);
			name = insomniac;
			packageProductDependencies = (
			);
			productName = insomniac;
			productReference = 0782ABEE2FD2E0310093E092 /* insomniac.app */;
			productType = "com.apple.product-type.application";
		};
		CAFE0000000000000000T001 /* dev.saif.insomniac.helper */ = {
			isa = PBXNativeTarget;
			buildConfigurationList = CAFE0000000000000000C000 /* Build configuration list for PBXNativeTarget "dev.saif.insomniac.helper" */;
			buildPhases = (
				CAFE0000000000000000P001 /* Sources */,
				CAFE0000000000000000P002 /* Frameworks */,
			);
			buildRules = (
			);
			dependencies = (
			);
			name = dev.saif.insomniac.helper;
			packageProductDependencies = (
			);
			productName = dev.saif.insomniac.helper;
			productReference = CAFE0000000000000000F001 /* dev.saif.insomniac.helper */;
			productType = "com.apple.product-type.tool";
		};
/* End PBXNativeTarget section */

/* Begin PBXProject section */
		0782ABE62FD2E0310093E092 /* Project object */ = {
			isa = PBXProject;
			attributes = {
				BuildIndependentTargetsInParallel = 1;
				LastSwiftUpdateCheck = 2620;
				LastUpgradeCheck = 2620;
				TargetAttributes = {
					0782ABED2FD2E0310093E092 = {
						CreatedOnToolsVersion = 26.2;
					};
					CAFE0000000000000000T001 = {
						CreatedOnToolsVersion = 26.2;
					};
				};
			};
			buildConfigurationList = 0782ABE92FD2E0310093E092 /* Build configuration list for PBXProject "insomniac" */;
			developmentRegion = en;
			hasScannedForEncodings = 0;
			knownRegions = (
				en,
				Base,
			);
			mainGroup = 0782ABE52FD2E0310093E092;
			minimizedProjectReferenceProxies = 1;
			preferredProjectObjectVersion = 77;
			productRefGroup = 0782ABEF2FD2E0310093E092 /* Products */;
			projectDirPath = "";
			projectRoot = "";
			targets = (
				0782ABED2FD2E0310093E092 /* insomniac */,
				CAFE0000000000000000T001 /* dev.saif.insomniac.helper */,
			);
		};
/* End PBXProject section */

/* Begin PBXResourcesBuildPhase section */
		0782ABEC2FD2E0310093E092 /* Resources */ = {
			isa = PBXResourcesBuildPhase;
			buildActionMask = 2147483647;
			files = (
			);
			runOnlyForDeploymentPostprocessing = 0;
		};
/* End PBXResourcesBuildPhase section */

/* Begin PBXSourcesBuildPhase section */
		0782ABEA2FD2E0310093E092 /* Sources */ = {
			isa = PBXSourcesBuildPhase;
			buildActionMask = 2147483647;
			files = (
				CAFE0000000000000000B006 /* HelperProtocol.swift in Sources */,
			);
			runOnlyForDeploymentPostprocessing = 0;
		};
		CAFE0000000000000000P001 /* Sources */ = {
			isa = PBXSourcesBuildPhase;
			buildActionMask = 2147483647;
			files = (
				CAFE0000000000000000B001 /* main.swift in Sources */,
				CAFE0000000000000000B002 /* HelperTool.swift in Sources */,
				CAFE0000000000000000B003 /* HelperProtocol.swift in Sources */,
			);
			runOnlyForDeploymentPostprocessing = 0;
		};
/* End PBXSourcesBuildPhase section */

/* Begin PBXTargetDependency section */
		CAFE0000000000000000D001 /* PBXTargetDependency */ = {
			isa = PBXTargetDependency;
			target = CAFE0000000000000000T001 /* dev.saif.insomniac.helper */;
			targetProxy = CAFE0000000000000000X001 /* PBXContainerItemProxy */;
		};
/* End PBXTargetDependency section */

/* Begin XCBuildConfiguration section */
		0782ABF72FD2E0320093E092 /* Debug */ = {
			isa = XCBuildConfiguration;
			buildSettings = {
				ALWAYS_SEARCH_USER_PATHS = NO;
				ASSETCATALOG_COMPILER_GENERATE_SWIFT_ASSET_SYMBOL_EXTENSIONS = YES;
				CLANG_ANALYZER_NONNULL = YES;
				CLANG_ANALYZER_NUMBER_OBJECT_CONVERSION = YES_AGGRESSIVE;
				CLANG_CXX_LANGUAGE_STANDARD = "gnu++20";
				CLANG_ENABLE_MODULES = YES;
				CLANG_ENABLE_OBJC_ARC = YES;
				CLANG_ENABLE_OBJC_WEAK = YES;
				CLANG_WARN_BLOCK_CAPTURE_AUTORELEASING = YES;
				CLANG_WARN_BOOL_CONVERSION = YES;
				CLANG_WARN_COMMA = YES;
				CLANG_WARN_CONSTANT_CONVERSION = YES;
				CLANG_WARN_DEPRECATED_OBJC_IMPLEMENTATIONS = YES;
				CLANG_WARN_DIRECT_OBJC_ISA_USAGE = YES_ERROR;
				CLANG_WARN_DOCUMENTATION_COMMENTS = YES;
				CLANG_WARN_EMPTY_BODY = YES;
				CLANG_WARN_ENUM_CONVERSION = YES;
				CLANG_WARN_INFINITE_RECURSION = YES;
				CLANG_WARN_INT_CONVERSION = YES;
				CLANG_WARN_NON_LITERAL_NULL_CONVERSION = YES;
				CLANG_WARN_OBJC_IMPLICIT_RETAIN_SELF = YES;
				CLANG_WARN_OBJC_LITERAL_CONVERSION = YES;
				CLANG_WARN_OBJC_ROOT_CLASS = YES_ERROR;
				CLANG_WARN_QUOTED_INCLUDE_IN_FRAMEWORK_HEADER = YES;
				CLANG_WARN_RANGE_LOOP_ANALYSIS = YES;
				CLANG_WARN_STRICT_PROTOTYPES = YES;
				CLANG_WARN_SUSPICIOUS_MOVE = YES;
				CLANG_WARN_UNGUARDED_AVAILABILITY = YES_AGGRESSIVE;
				CLANG_WARN_UNREACHABLE_CODE = YES;
				CLANG_WARN__DUPLICATE_METHOD_MATCH = YES;
				COPY_PHASE_STRIP = NO;
				DEBUG_INFORMATION_FORMAT = dwarf;
				DEVELOPMENT_TEAM = DTQF9KJP6S;
				ENABLE_STRICT_OBJC_MSGSEND = YES;
				ENABLE_TESTABILITY = YES;
				ENABLE_USER_SCRIPT_SANDBOXING = YES;
				GCC_C_LANGUAGE_STANDARD = gnu17;
				GCC_DYNAMIC_NO_PIC = NO;
				GCC_NO_COMMON_BLOCKS = YES;
				GCC_OPTIMIZATION_LEVEL = 0;
				GCC_PREPROCESSOR_DEFINITIONS = (
					"DEBUG=1",
					"$(inherited)",
				);
				GCC_WARN_64_TO_32_BIT_CONVERSION = YES;
				GCC_WARN_ABOUT_RETURN_TYPE = YES_ERROR;
				GCC_WARN_UNDECLARED_SELECTOR = YES;
				GCC_WARN_UNINITIALIZED_AUTOS = YES_AGGRESSIVE;
				GCC_WARN_UNUSED_FUNCTION = YES;
				GCC_WARN_UNUSED_VARIABLE = YES;
				LOCALIZATION_PREFERS_STRING_CATALOGS = YES;
				MACOSX_DEPLOYMENT_TARGET = 14.0;
				MTL_ENABLE_DEBUG_INFO = INCLUDE_SOURCE;
				MTL_FAST_MATH = YES;
				ONLY_ACTIVE_ARCH = YES;
				SDKROOT = macosx;
				SWIFT_ACTIVE_COMPILATION_CONDITIONS = "DEBUG $(inherited)";
				SWIFT_OPTIMIZATION_LEVEL = "-Onone";
			};
			name = Debug;
		};
		0782ABF82FD2E0320093E092 /* Release */ = {
			isa = XCBuildConfiguration;
			buildSettings = {
				ALWAYS_SEARCH_USER_PATHS = NO;
				ASSETCATALOG_COMPILER_GENERATE_SWIFT_ASSET_SYMBOL_EXTENSIONS = YES;
				CLANG_ANALYZER_NONNULL = YES;
				CLANG_ANALYZER_NUMBER_OBJECT_CONVERSION = YES_AGGRESSIVE;
				CLANG_CXX_LANGUAGE_STANDARD = "gnu++20";
				CLANG_ENABLE_MODULES = YES;
				CLANG_ENABLE_OBJC_ARC = YES;
				CLANG_ENABLE_OBJC_WEAK = YES;
				CLANG_WARN_BLOCK_CAPTURE_AUTORELEASING = YES;
				CLANG_WARN_BOOL_CONVERSION = YES;
				CLANG_WARN_COMMA = YES;
				CLANG_WARN_CONSTANT_CONVERSION = YES;
				CLANG_WARN_DEPRECATED_OBJC_IMPLEMENTATIONS = YES;
				CLANG_WARN_DIRECT_OBJC_ISA_USAGE = YES_ERROR;
				CLANG_WARN_DOCUMENTATION_COMMENTS = YES;
				CLANG_WARN_EMPTY_BODY = YES;
				CLANG_WARN_ENUM_CONVERSION = YES;
				CLANG_WARN_INFINITE_RECURSION = YES;
				CLANG_WARN_INT_CONVERSION = YES;
				CLANG_WARN_NON_LITERAL_NULL_CONVERSION = YES;
				CLANG_WARN_OBJC_IMPLICIT_RETAIN_SELF = YES;
				CLANG_WARN_OBJC_LITERAL_CONVERSION = YES;
				CLANG_WARN_OBJC_ROOT_CLASS = YES_ERROR;
				CLANG_WARN_QUOTED_INCLUDE_IN_FRAMEWORK_HEADER = YES;
				CLANG_WARN_RANGE_LOOP_ANALYSIS = YES;
				CLANG_WARN_STRICT_PROTOTYPES = YES;
				CLANG_WARN_SUSPICIOUS_MOVE = YES;
				CLANG_WARN_UNGUARDED_AVAILABILITY = YES_AGGRESSIVE;
				CLANG_WARN_UNREACHABLE_CODE = YES;
				CLANG_WARN__DUPLICATE_METHOD_MATCH = YES;
				COPY_PHASE_STRIP = NO;
				DEBUG_INFORMATION_FORMAT = "dwarf-with-dsym";
				DEVELOPMENT_TEAM = DTQF9KJP6S;
				ENABLE_NS_ASSERTIONS = NO;
				ENABLE_STRICT_OBJC_MSGSEND = YES;
				ENABLE_USER_SCRIPT_SANDBOXING = YES;
				GCC_C_LANGUAGE_STANDARD = gnu17;
				GCC_NO_COMMON_BLOCKS = YES;
				GCC_WARN_64_TO_32_BIT_CONVERSION = YES;
				GCC_WARN_ABOUT_RETURN_TYPE = YES_ERROR;
				GCC_WARN_UNDECLARED_SELECTOR = YES;
				GCC_WARN_UNINITIALIZED_AUTOS = YES_AGGRESSIVE;
				GCC_WARN_UNUSED_FUNCTION = YES;
				GCC_WARN_UNUSED_VARIABLE = YES;
				LOCALIZATION_PREFERS_STRING_CATALOGS = YES;
				MACOSX_DEPLOYMENT_TARGET = 14.0;
				MTL_ENABLE_DEBUG_INFO = NO;
				MTL_FAST_MATH = YES;
				SDKROOT = macosx;
				SWIFT_COMPILATION_MODE = wholemodule;
			};
			name = Release;
		};
		0782ABFA2FD2E0320093E092 /* Debug */ = {
			isa = XCBuildConfiguration;
			buildSettings = {
				ASSETCATALOG_COMPILER_APPICON_NAME = AppIcon;
				ASSETCATALOG_COMPILER_GLOBAL_ACCENT_COLOR_NAME = AccentColor;
				CODE_SIGN_STYLE = Automatic;
				COMBINE_HIDPI_IMAGES = YES;
				CURRENT_PROJECT_VERSION = 3;
				DEVELOPMENT_TEAM = DTQF9KJP6S;
				ENABLE_APP_SANDBOX = NO;
				ENABLE_HARDENED_RUNTIME = YES;
				ENABLE_PREVIEWS = YES;
				ENABLE_USER_SELECTED_FILES = readonly;
				GENERATE_INFOPLIST_FILE = YES;
				INFOPLIST_KEY_CFBundleDisplayName = Insomniac;
				INFOPLIST_KEY_CFBundleName = Insomniac;
				INFOPLIST_KEY_LSUIElement = YES;
				INFOPLIST_KEY_NSHumanReadableCopyright = "";
				LD_RUNPATH_SEARCH_PATHS = (
					"$(inherited)",
					"@executable_path/../Frameworks",
				);
				MARKETING_VERSION = 1.0.2;
				PRODUCT_BUNDLE_IDENTIFIER = dev.saif.insomniac;
				PRODUCT_NAME = "$(TARGET_NAME)";
				REGISTER_APP_GROUPS = YES;
				STRING_CATALOG_GENERATE_SYMBOLS = YES;
				SWIFT_APPROACHABLE_CONCURRENCY = YES;
				SWIFT_DEFAULT_ACTOR_ISOLATION = MainActor;
				SWIFT_EMIT_LOC_STRINGS = YES;
				SWIFT_UPCOMING_FEATURE_MEMBER_IMPORT_VISIBILITY = YES;
				SWIFT_VERSION = 5.0;
			};
			name = Debug;
		};
		0782ABFB2FD2E0320093E092 /* Release */ = {
			isa = XCBuildConfiguration;
			buildSettings = {
				ASSETCATALOG_COMPILER_APPICON_NAME = AppIcon;
				ASSETCATALOG_COMPILER_GLOBAL_ACCENT_COLOR_NAME = AccentColor;
				CODE_SIGN_STYLE = Automatic;
				COMBINE_HIDPI_IMAGES = YES;
				CURRENT_PROJECT_VERSION = 3;
				DEVELOPMENT_TEAM = DTQF9KJP6S;
				ENABLE_APP_SANDBOX = NO;
				ENABLE_HARDENED_RUNTIME = YES;
				ENABLE_PREVIEWS = YES;
				ENABLE_USER_SELECTED_FILES = readonly;
				GENERATE_INFOPLIST_FILE = YES;
				INFOPLIST_KEY_CFBundleDisplayName = Insomniac;
				INFOPLIST_KEY_CFBundleName = Insomniac;
				INFOPLIST_KEY_LSUIElement = YES;
				INFOPLIST_KEY_NSHumanReadableCopyright = "";
				LD_RUNPATH_SEARCH_PATHS = (
					"$(inherited)",
					"@executable_path/../Frameworks",
				);
				MARKETING_VERSION = 1.0.2;
				PRODUCT_BUNDLE_IDENTIFIER = dev.saif.insomniac;
				PRODUCT_NAME = "$(TARGET_NAME)";
				REGISTER_APP_GROUPS = YES;
				STRING_CATALOG_GENERATE_SYMBOLS = YES;
				SWIFT_APPROACHABLE_CONCURRENCY = YES;
				SWIFT_DEFAULT_ACTOR_ISOLATION = MainActor;
				SWIFT_EMIT_LOC_STRINGS = YES;
				SWIFT_UPCOMING_FEATURE_MEMBER_IMPORT_VISIBILITY = YES;
				SWIFT_VERSION = 5.0;
			};
			name = Release;
		};
		CAFE0000000000000000C001 /* Debug */ = {
			isa = XCBuildConfiguration;
			buildSettings = {
				CODE_SIGN_STYLE = Automatic;
				CREATE_INFOPLIST_SECTION_IN_BINARY = YES;
				DEVELOPMENT_TEAM = DTQF9KJP6S;
				ENABLE_HARDENED_RUNTIME = YES;
				GENERATE_INFOPLIST_FILE = YES;
				INFOPLIST_KEY_CFBundleDisplayName = "insomniac helper";
				MACOSX_DEPLOYMENT_TARGET = 14.0;
				PRODUCT_BUNDLE_IDENTIFIER = dev.saif.insomniac.helper;
				PRODUCT_MODULE_NAME = insomniac_helper;
				PRODUCT_NAME = "$(TARGET_NAME)";
				SDKROOT = macosx;
				SKIP_INSTALL = YES;
				SWIFT_VERSION = 5.0;
			};
			name = Debug;
		};
		CAFE0000000000000000C002 /* Release */ = {
			isa = XCBuildConfiguration;
			buildSettings = {
				CODE_SIGN_STYLE = Automatic;
				CREATE_INFOPLIST_SECTION_IN_BINARY = YES;
				DEVELOPMENT_TEAM = DTQF9KJP6S;
				ENABLE_HARDENED_RUNTIME = YES;
				GENERATE_INFOPLIST_FILE = YES;
				INFOPLIST_KEY_CFBundleDisplayName = "insomniac helper";
				MACOSX_DEPLOYMENT_TARGET = 14.0;
				PRODUCT_BUNDLE_IDENTIFIER = dev.saif.insomniac.helper;
				PRODUCT_MODULE_NAME = insomniac_helper;
				PRODUCT_NAME = "$(TARGET_NAME)";
				SDKROOT = macosx;
				SKIP_INSTALL = YES;
				SWIFT_VERSION = 5.0;
			};
			name = Release;
		};
/* End XCBuildConfiguration section */

/* Begin XCConfigurationList section */
		0782ABE92FD2E0310093E092 /* Build configuration list for PBXProject "insomniac" */ = {
			isa = XCConfigurationList;
			buildConfigurations = (
				0782ABF72FD2E0320093E092 /* Debug */,
				0782ABF82FD2E0320093E092 /* Release */,
			);
			defaultConfigurationIsVisible = 0;
			defaultConfigurationName = Release;
		};
		0782ABF92FD2E0320093E092 /* Build configuration list for PBXNativeTarget "insomniac" */ = {
			isa = XCConfigurationList;
			buildConfigurations = (
				0782ABFA2FD2E0320093E092 /* Debug */,
				0782ABFB2FD2E0320093E092 /* Release */,
			);
			defaultConfigurationIsVisible = 0;
			defaultConfigurationName = Release;
		};
		CAFE0000000000000000C000 /* Build configuration list for PBXNativeTarget "dev.saif.insomniac.helper" */ = {
			isa = XCConfigurationList;
			buildConfigurations = (
				CAFE0000000000000000C001 /* Debug */,
				CAFE0000000000000000C002 /* Release */,
			);
			defaultConfigurationIsVisible = 0;
			defaultConfigurationName = Release;
		};
/* End XCConfigurationList section */
	};
	rootObject = 0782ABE62FD2E0310093E092 /* Project object */;
}
